
Microsoft Visual Studio Solution File, Format Version 12.00
# Visual Studio Version 17
VisualStudioVersion = 17.2.32630.192
MinimumVisualStudioVersion = 10.0.40219.1
Project("{FAE04EC0-301F-11D3-BF4B-00C04F79EFBC}") = "Calc", "Calc\Calc.csproj", "{CEA70583-9E80-498D-B95A-AFA9AE241B46}"
EndProject
Global
	GlobalSection(SolutionConfigurationPlatforms) = preSolution
		Debug|Any CPU = Debug|Any CPU
		Release|Any CPU = Release|Any CPU
	EndGlobalSection
	GlobalSection(ProjectConfigurationPlatforms) = postSolution
		{CEA70583-9E80-498D-B95A-AFA9AE241B46}.Debug|Any CPU.ActiveCfg = Debug|Any CPU
		{CEA70583-9E80-498D-B95A-AFA9AE241B46}.Debug|Any CPU.Build.0 = Debug|Any CPU
		{CEA70583-9E80-498D-B95A-AFA9AE241B46}.Release|Any CPU.ActiveCfg = Release|Any CPU
		{CEA70583-9E80-498D-B95A-AFA9AE241B46}.Release|Any CPU.Build.0 = Release|Any CPU
	EndGlobalSection
	GlobalSection(SolutionProperties) = preSolution
		HideSolutionNode = FALSE
	EndGlobalSection
	GlobalSection(ExtensibilityGlobals) = postSolution
		SolutionGuid = {0A7845CC-30F7-4D21-B94F-ABE3BB2F588F}
	EndGlobalSection
EndGlobal
